{
  "requires": true,
  "lockfileVersion": 1,
  "dependencies": {
    "@blipppy/p5classes": {
      "version": "1.0.0",
      "resolved": "https://registry.npmjs.org/@blipppy/p5classes/-/p5classes-1.0.0.tgz",
      "integrity": "sha512-lYCsQQBt45PLam5GYiksV89ebYfPFLi5QNrteTgBh+Xa3s+sMm6Un37DXW4dsCNVbZv8/cwWHr5EHSe+KVGYhw=="
    }
  }
}
